
Microsoft Visual Studio Solution File, Format Version 12.00
# Visual Studio Version 17
VisualStudioVersion = 17.7.33711.374
MinimumVisualStudioVersion = 10.0.40219.1
Project("{6EC3EE1D-3C4E-46DD-8F32-0CC8E7565705}") = "GenRepLib", "GenRepLib\GenRepLib.fsproj", "{23CD16FF-F727-4146-8AD9-DAC794738DC9}"
EndProject
Project("{6EC3EE1D-3C4E-46DD-8F32-0CC8E7565705}") = "GenRep", "GenRep\GenRep.fsproj", "{1FFDB918-CBF5-43E1-98FE-8F2F9BDDD0D0}"
EndProject
Project("{6EC3EE1D-3C4E-46DD-8F32-0CC8E7565705}") = "GenRepTest", "GenRepTest\GenRepTest.fsproj", "{DE64157D-98A8-4EFC-9D21-6049968FF763}"
EndProject
Project("{6EC3EE1D-3C4E-46DD-8F32-0CC8E7565705}") = "FsChessPgn", "FsChessPgn\FsChessPgn.fsproj", "{675088D9-3B06-4A28-9B6E-AB70A6546B2D}"
EndProject
Project("{6EC3EE1D-3C4E-46DD-8F32-0CC8E7565705}") = "FlounderLib", "FlounderLib\FlounderLib.fsproj", "{B479483D-406A-4AFD-B350-10B12E03FF53}"
EndProject
Project("{2150E333-8FDC-42A3-9474-1A3956D46DE8}") = "TestData", "TestData", "{6D1A2602-3A4E-4987-8791-DF4C58C1AEB9}"
	ProjectSection(SolutionItems) = preProject
		TestData\BestCache.txt = TestData\BestCache.txt
		TestData\BestCache1.txt = TestData\BestCache1.txt
		TestData\Cache.txt = TestData\Cache.txt
		TestData\Complex.pgn = TestData\Complex.pgn
		TestData\DuffCache.txt = TestData\DuffCache.txt
		TestData\nComplex.pgn = TestData\nComplex.pgn
		TestData\nSimple.pgn = TestData\nSimple.pgn
		TestData\Simple.pgn = TestData\Simple.pgn
	EndProjectSection
EndProject
Project("{2150E333-8FDC-42A3-9474-1A3956D46DE8}") = "Docs", "Docs", "{6DC74159-5810-4075-B533-9E9F8E2E816A}"
	ProjectSection(SolutionItems) = preProject
		README.md = README.md
	EndProjectSection
EndProject
Project("{2150E333-8FDC-42A3-9474-1A3956D46DE8}") = "Rep", "Rep", "{BDA1DF59-E6AE-4213-8CFD-8ABD71EC84E2}"
EndProject
Project("{2150E333-8FDC-42A3-9474-1A3956D46DE8}") = "White", "White", "{9B956398-1478-4EF1-B290-939A63164043}"
	ProjectSection(SolutionItems) = preProject
		Rep\White\Ch1.pgn = Rep\White\Ch1.pgn
		Rep\White\Ch1base.pgn = Rep\White\Ch1base.pgn
		Rep\White\Ch2.pgn = Rep\White\Ch2.pgn
		Rep\White\Ch2base.pgn = Rep\White\Ch2base.pgn
		Rep\White\GrobWhite.md = Rep\White\GrobWhite.md
		Rep\White\RespCache = Rep\White\RespCache
	EndProjectSection
EndProject
Project("{2150E333-8FDC-42A3-9474-1A3956D46DE8}") = "Black", "Black", "{19A46E3C-DE01-4CA1-BAD2-09573AD87EF0}"
	ProjectSection(SolutionItems) = preProject
		Rep\Black\Ch1.pgn = Rep\Black\Ch1.pgn
		Rep\Black\Ch1base.pgn = Rep\Black\Ch1base.pgn
		Rep\Black\GrobBlack.md = Rep\Black\GrobBlack.md
	EndProjectSection
EndProject
Project("{6EC3EE1D-3C4E-46DD-8F32-0CC8E7565705}") = "KindleChessLib", "KindleChessLib\KindleChessLib.fsproj", "{F032D6DE-AB20-4892-A69B-3A2F604E7EC7}"
EndProject
Project("{2150E333-8FDC-42A3-9474-1A3956D46DE8}") = "Kindle", "Kindle", "{41E337E4-E7C5-4D37-9830-B1E77009DE64}"
	ProjectSection(SolutionItems) = preProject
		Rep\White\Kindle\book.css = Rep\White\Kindle\book.css
		Rep\White\Kindle\book.ncx = Rep\White\Kindle\book.ncx
		Rep\White\Kindle\book.opf = Rep\White\Kindle\book.opf
		Rep\White\Kindle\CH1.html = Rep\White\Kindle\CH1.html
		Rep\White\Kindle\CH2.html = Rep\White\Kindle\CH2.html
		Rep\White\Kindle\cover.gif = Rep\White\Kindle\cover.gif
		Rep\White\Kindle\toc.html = Rep\White\Kindle\toc.html
		Rep\White\Kindle\Variations.html = Rep\White\Kindle\Variations.html
		Rep\White\Kindle\Welcome.html = Rep\White\Kindle\Welcome.html
	EndProjectSection
EndProject
Project("{2150E333-8FDC-42A3-9474-1A3956D46DE8}") = "Kindle", "Kindle", "{A3D259D0-4472-421F-A54C-A3CA7E54594C}"
	ProjectSection(SolutionItems) = preProject
		Rep\Black\Kindle\book.css = Rep\Black\Kindle\book.css
		Rep\Black\Kindle\book.ncx = Rep\Black\Kindle\book.ncx
		Rep\Black\Kindle\book.opf = Rep\Black\Kindle\book.opf
		Rep\Black\Kindle\CH1.html = Rep\Black\Kindle\CH1.html
		Rep\Black\Kindle\cover.gif = Rep\Black\Kindle\cover.gif
		Rep\Black\Kindle\toc.html = Rep\Black\Kindle\toc.html
		Rep\Black\Kindle\Variations.html = Rep\Black\Kindle\Variations.html
		Rep\Black\Kindle\Welcome.html = Rep\Black\Kindle\Welcome.html
	EndProjectSection
EndProject
Project("{6EC3EE1D-3C4E-46DD-8F32-0CC8E7565705}") = "Grob", "Grob\Grob.fsproj", "{ED6F5EF3-70F2-4EE0-B626-C790FCD5CED1}"
EndProject
Project("{2150E333-8FDC-42A3-9474-1A3956D46DE8}") = "Cmd", "Cmd", "{2E78FC7F-570F-4A0F-839F-90D27F5E94CC}"
	ProjectSection(SolutionItems) = preProject
		Cmd\grob.bat = Cmd\grob.bat
		Cmd\grobb.bat = Cmd\grobb.bat
		Cmd\grobw.bat = Cmd\grobw.bat
		Cmd\wb23.bat = Cmd\wb23.bat
	EndProjectSection
EndProject
Global
	GlobalSection(SolutionConfigurationPlatforms) = preSolution
		Debug|Any CPU = Debug|Any CPU
		Release|Any CPU = Release|Any CPU
	EndGlobalSection
	GlobalSection(ProjectConfigurationPlatforms) = postSolution
		{23CD16FF-F727-4146-8AD9-DAC794738DC9}.Debug|Any CPU.ActiveCfg = Debug|Any CPU
		{23CD16FF-F727-4146-8AD9-DAC794738DC9}.Debug|Any CPU.Build.0 = Debug|Any CPU
		{23CD16FF-F727-4146-8AD9-DAC794738DC9}.Release|Any CPU.ActiveCfg = Release|Any CPU
		{23CD16FF-F727-4146-8AD9-DAC794738DC9}.Release|Any CPU.Build.0 = Release|Any CPU
		{1FFDB918-CBF5-43E1-98FE-8F2F9BDDD0D0}.Debug|Any CPU.ActiveCfg = Debug|Any CPU
		{1FFDB918-CBF5-43E1-98FE-8F2F9BDDD0D0}.Debug|Any CPU.Build.0 = Debug|Any CPU
		{1FFDB918-CBF5-43E1-98FE-8F2F9BDDD0D0}.Release|Any CPU.ActiveCfg = Release|Any CPU
		{1FFDB918-CBF5-43E1-98FE-8F2F9BDDD0D0}.Release|Any CPU.Build.0 = Release|Any CPU
		{DE64157D-98A8-4EFC-9D21-6049968FF763}.Debug|Any CPU.ActiveCfg = Debug|Any CPU
		{DE64157D-98A8-4EFC-9D21-6049968FF763}.Debug|Any CPU.Build.0 = Debug|Any CPU
		{DE64157D-98A8-4EFC-9D21-6049968FF763}.Release|Any CPU.ActiveCfg = Release|Any CPU
		{DE64157D-98A8-4EFC-9D21-6049968FF763}.Release|Any CPU.Build.0 = Release|Any CPU
		{675088D9-3B06-4A28-9B6E-AB70A6546B2D}.Debug|Any CPU.ActiveCfg = Debug|Any CPU
		{675088D9-3B06-4A28-9B6E-AB70A6546B2D}.Debug|Any CPU.Build.0 = Debug|Any CPU
		{675088D9-3B06-4A28-9B6E-AB70A6546B2D}.Release|Any CPU.ActiveCfg = Release|Any CPU
		{675088D9-3B06-4A28-9B6E-AB70A6546B2D}.Release|Any CPU.Build.0 = Release|Any CPU
		{B479483D-406A-4AFD-B350-10B12E03FF53}.Debug|Any CPU.ActiveCfg = Debug|Any CPU
		{B479483D-406A-4AFD-B350-10B12E03FF53}.Debug|Any CPU.Build.0 = Debug|Any CPU
		{B479483D-406A-4AFD-B350-10B12E03FF53}.Release|Any CPU.ActiveCfg = Release|Any CPU
		{B479483D-406A-4AFD-B350-10B12E03FF53}.Release|Any CPU.Build.0 = Release|Any CPU
		{F032D6DE-AB20-4892-A69B-3A2F604E7EC7}.Debug|Any CPU.ActiveCfg = Debug|Any CPU
		{F032D6DE-AB20-4892-A69B-3A2F604E7EC7}.Debug|Any CPU.Build.0 = Debug|Any CPU
		{F032D6DE-AB20-4892-A69B-3A2F604E7EC7}.Release|Any CPU.ActiveCfg = Release|Any CPU
		{F032D6DE-AB20-4892-A69B-3A2F604E7EC7}.Release|Any CPU.Build.0 = Release|Any CPU
		{ED6F5EF3-70F2-4EE0-B626-C790FCD5CED1}.Debug|Any CPU.ActiveCfg = Debug|Any CPU
		{ED6F5EF3-70F2-4EE0-B626-C790FCD5CED1}.Debug|Any CPU.Build.0 = Debug|Any CPU
		{ED6F5EF3-70F2-4EE0-B626-C790FCD5CED1}.Release|Any CPU.ActiveCfg = Release|Any CPU
		{ED6F5EF3-70F2-4EE0-B626-C790FCD5CED1}.Release|Any CPU.Build.0 = Release|Any CPU
	EndGlobalSection
	GlobalSection(SolutionProperties) = preSolution
		HideSolutionNode = FALSE
	EndGlobalSection
	GlobalSection(NestedProjects) = preSolution
		{9B956398-1478-4EF1-B290-939A63164043} = {BDA1DF59-E6AE-4213-8CFD-8ABD71EC84E2}
		{19A46E3C-DE01-4CA1-BAD2-09573AD87EF0} = {BDA1DF59-E6AE-4213-8CFD-8ABD71EC84E2}
		{41E337E4-E7C5-4D37-9830-B1E77009DE64} = {9B956398-1478-4EF1-B290-939A63164043}
		{A3D259D0-4472-421F-A54C-A3CA7E54594C} = {19A46E3C-DE01-4CA1-BAD2-09573AD87EF0}
	EndGlobalSection
	GlobalSection(ExtensibilityGlobals) = postSolution
		SolutionGuid = {690CD237-13D6-4036-BFDD-4A700F44CC19}
	EndGlobalSection
EndGlobal
